
Microsoft Visual Studio Solution File, Format Version 12.00
# Visual Studio Version 17
VisualStudioVersion = 17.13.35931.197 d17.13
MinimumVisualStudioVersion = 10.0.40219.1
Project("{FAE04EC0-301F-11D3-BF4B-00C04F79EFBC}") = "Practiks_11.04.25", "Practiks_11.04.25\Practiks_11.04.25.csproj", "{DE882F14-7293-44AF-93A5-E96ADF872DF9}"
EndProject
Global
	GlobalSection(SolutionConfigurationPlatforms) = preSolution
		Debug|Any CPU = Debug|Any CPU
		Release|Any CPU = Release|Any CPU
	EndGlobalSection
	GlobalSection(ProjectConfigurationPlatforms) = postSolution
		{DE882F14-7293-44AF-93A5-E96ADF872DF9}.Debug|Any CPU.ActiveCfg = Debug|Any CPU
		{DE882F14-7293-44AF-93A5-E96ADF872DF9}.Debug|Any CPU.Build.0 = Debug|Any CPU
		{DE882F14-7293-44AF-93A5-E96ADF872DF9}.Release|Any CPU.ActiveCfg = Release|Any CPU
		{DE882F14-7293-44AF-93A5-E96ADF872DF9}.Release|Any CPU.Build.0 = Release|Any CPU
	EndGlobalSection
	GlobalSection(SolutionProperties) = preSolution
		HideSolutionNode = FALSE
	EndGlobalSection
	GlobalSection(ExtensibilityGlobals) = postSolution
		SolutionGuid = {5EC556F5-5307-46A4-AD41-B43D394C666F}
	EndGlobalSection
EndGlobal
