
Microsoft Visual Studio Solution File, Format Version 12.00
# Visual Studio Version 17
VisualStudioVersion = 17.13.35931.197 d17.13
MinimumVisualStudioVersion = 10.0.40219.1
Project("{FAE04EC0-301F-11D3-BF4B-00C04F79EFBC}") = "Games Collection", "Games Collection\Games Collection.csproj", "{D6855A5D-B6B1-4BE5-9E56-268FA31A71DA}"
EndProject
Global
	GlobalSection(SolutionConfigurationPlatforms) = preSolution
		Debug|Any CPU = Debug|Any CPU
		Release|Any CPU = Release|Any CPU
	EndGlobalSection
	GlobalSection(ProjectConfigurationPlatforms) = postSolution
		{D6855A5D-B6B1-4BE5-9E56-268FA31A71DA}.Debug|Any CPU.ActiveCfg = Debug|Any CPU
		{D6855A5D-B6B1-4BE5-9E56-268FA31A71DA}.Debug|Any CPU.Build.0 = Debug|Any CPU
		{D6855A5D-B6B1-4BE5-9E56-268FA31A71DA}.Release|Any CPU.ActiveCfg = Release|Any CPU
		{D6855A5D-B6B1-4BE5-9E56-268FA31A71DA}.Release|Any CPU.Build.0 = Release|Any CPU
	EndGlobalSection
	GlobalSection(SolutionProperties) = preSolution
		HideSolutionNode = FALSE
	EndGlobalSection
	GlobalSection(ExtensibilityGlobals) = postSolution
		SolutionGuid = {408B2CA1-8783-4556-B89F-9C3890478E51}
	EndGlobalSection
EndGlobal
